
Microsoft Visual Studio Solution File, Format Version 12.00
# Visual Studio Version 17
VisualStudioVersion = 17.4.33205.214
MinimumVisualStudioVersion = 10.0.40219.1
Project("{FAE04EC0-301F-11D3-BF4B-00C04F79EFBC}") = "CMS.Admin", "CMS.Admin\CMS.Admin.csproj", "{379F673E-76F6-448C-8E3B-47B41928396E}"
EndProject
Project("{FAE04EC0-301F-11D3-BF4B-00C04F79EFBC}") = "CMS.Web", "CMS.Web\CMS.Web.csproj", "{F16467A6-2E73-41B0-9CF8-6DC7ADD3F05A}"
EndProject
Project("{FAE04EC0-301F-11D3-BF4B-00C04F79EFBC}") = "CMS.Api", "CMS.Api\CMS.Api.csproj", "{FD88B501-62C3-467F-A8EC-D2A20E3E8726}"
EndProject
Project("{FAE04EC0-301F-11D3-BF4B-00C04F79EFBC}") = "CMS.Shared", "CMS.Shared\CMS.Shared.csproj", "{4463940E-50F7-4069-925E-FAEB9271E737}"
EndProject
Project("{FAE04EC0-301F-11D3-BF4B-00C04F79EFBC}") = "CMS.Domain", "CMS.Domain\CMS.Domain.csproj", "{D87E30EA-EC0B-48D1-8F35-82B79C3F2DB5}"
EndProject
Project("{FAE04EC0-301F-11D3-BF4B-00C04F79EFBC}") = "CMS.Infrastructure", "CMS.Infrastructure\CMS.Infrastructure.csproj", "{2FBD9B92-E3A6-4F1B-84D9-8136460BA809}"
EndProject
Project("{FAE04EC0-301F-11D3-BF4B-00C04F79EFBC}") = "CMS.Logs", "CMS.Logs\CMS.Logs.csproj", "{28461406-B4BE-4D11-9738-40A5C3B699B6}"
EndProject
Project("{2150E333-8FDC-42A3-9474-1A3956D46DE8}") = "Distributed", "Distributed", "{7067B5C4-9764-45BB-948C-9F17D5C501E7}"
EndProject
Project("{2150E333-8FDC-42A3-9474-1A3956D46DE8}") = "Libraries", "Libraries", "{50931E01-184C-4537-8F8F-6872A6D556FB}"
EndProject
Project("{2150E333-8FDC-42A3-9474-1A3956D46DE8}") = "Tests", "Tests", "{CC870B60-A79D-44CF-9FDF-BA07B93D0ECE}"
EndProject
Global
	GlobalSection(SolutionConfigurationPlatforms) = preSolution
		Debug|Any CPU = Debug|Any CPU
		Release|Any CPU = Release|Any CPU
	EndGlobalSection
	GlobalSection(ProjectConfigurationPlatforms) = postSolution
		{379F673E-76F6-448C-8E3B-47B41928396E}.Debug|Any CPU.ActiveCfg = Debug|Any CPU
		{379F673E-76F6-448C-8E3B-47B41928396E}.Debug|Any CPU.Build.0 = Debug|Any CPU
		{379F673E-76F6-448C-8E3B-47B41928396E}.Release|Any CPU.ActiveCfg = Release|Any CPU
		{379F673E-76F6-448C-8E3B-47B41928396E}.Release|Any CPU.Build.0 = Release|Any CPU
		{F16467A6-2E73-41B0-9CF8-6DC7ADD3F05A}.Debug|Any CPU.ActiveCfg = Debug|Any CPU
		{F16467A6-2E73-41B0-9CF8-6DC7ADD3F05A}.Debug|Any CPU.Build.0 = Debug|Any CPU
		{F16467A6-2E73-41B0-9CF8-6DC7ADD3F05A}.Release|Any CPU.ActiveCfg = Release|Any CPU
		{F16467A6-2E73-41B0-9CF8-6DC7ADD3F05A}.Release|Any CPU.Build.0 = Release|Any CPU
		{FD88B501-62C3-467F-A8EC-D2A20E3E8726}.Debug|Any CPU.ActiveCfg = Debug|Any CPU
		{FD88B501-62C3-467F-A8EC-D2A20E3E8726}.Debug|Any CPU.Build.0 = Debug|Any CPU
		{FD88B501-62C3-467F-A8EC-D2A20E3E8726}.Release|Any CPU.ActiveCfg = Release|Any CPU
		{FD88B501-62C3-467F-A8EC-D2A20E3E8726}.Release|Any CPU.Build.0 = Release|Any CPU
		{4463940E-50F7-4069-925E-FAEB9271E737}.Debug|Any CPU.ActiveCfg = Debug|Any CPU
		{4463940E-50F7-4069-925E-FAEB9271E737}.Debug|Any CPU.Build.0 = Debug|Any CPU
		{4463940E-50F7-4069-925E-FAEB9271E737}.Release|Any CPU.ActiveCfg = Release|Any CPU
		{4463940E-50F7-4069-925E-FAEB9271E737}.Release|Any CPU.Build.0 = Release|Any CPU
		{D87E30EA-EC0B-48D1-8F35-82B79C3F2DB5}.Debug|Any CPU.ActiveCfg = Debug|Any CPU
		{D87E30EA-EC0B-48D1-8F35-82B79C3F2DB5}.Debug|Any CPU.Build.0 = Debug|Any CPU
		{D87E30EA-EC0B-48D1-8F35-82B79C3F2DB5}.Release|Any CPU.ActiveCfg = Release|Any CPU
		{D87E30EA-EC0B-48D1-8F35-82B79C3F2DB5}.Release|Any CPU.Build.0 = Release|Any CPU
		{2FBD9B92-E3A6-4F1B-84D9-8136460BA809}.Debug|Any CPU.ActiveCfg = Debug|Any CPU
		{2FBD9B92-E3A6-4F1B-84D9-8136460BA809}.Debug|Any CPU.Build.0 = Debug|Any CPU
		{2FBD9B92-E3A6-4F1B-84D9-8136460BA809}.Release|Any CPU.ActiveCfg = Release|Any CPU
		{2FBD9B92-E3A6-4F1B-84D9-8136460BA809}.Release|Any CPU.Build.0 = Release|Any CPU
		{28461406-B4BE-4D11-9738-40A5C3B699B6}.Debug|Any CPU.ActiveCfg = Debug|Any CPU
		{28461406-B4BE-4D11-9738-40A5C3B699B6}.Debug|Any CPU.Build.0 = Debug|Any CPU
		{28461406-B4BE-4D11-9738-40A5C3B699B6}.Release|Any CPU.ActiveCfg = Release|Any CPU
		{28461406-B4BE-4D11-9738-40A5C3B699B6}.Release|Any CPU.Build.0 = Release|Any CPU
	EndGlobalSection
	GlobalSection(SolutionProperties) = preSolution
		HideSolutionNode = FALSE
	EndGlobalSection
	GlobalSection(NestedProjects) = preSolution
		{379F673E-76F6-448C-8E3B-47B41928396E} = {7067B5C4-9764-45BB-948C-9F17D5C501E7}
		{F16467A6-2E73-41B0-9CF8-6DC7ADD3F05A} = {7067B5C4-9764-45BB-948C-9F17D5C501E7}
		{FD88B501-62C3-467F-A8EC-D2A20E3E8726} = {7067B5C4-9764-45BB-948C-9F17D5C501E7}
		{4463940E-50F7-4069-925E-FAEB9271E737} = {50931E01-184C-4537-8F8F-6872A6D556FB}
		{D87E30EA-EC0B-48D1-8F35-82B79C3F2DB5} = {50931E01-184C-4537-8F8F-6872A6D556FB}
		{2FBD9B92-E3A6-4F1B-84D9-8136460BA809} = {50931E01-184C-4537-8F8F-6872A6D556FB}
		{28461406-B4BE-4D11-9738-40A5C3B699B6} = {50931E01-184C-4537-8F8F-6872A6D556FB}
	EndGlobalSection
	GlobalSection(ExtensibilityGlobals) = postSolution
		SolutionGuid = {ED1E5490-7865-496B-9C09-5AED56185BC4}
	EndGlobalSection
EndGlobal
